
Microsoft Visual Studio Solution File, Format Version 12.00
# Visual Studio Version 17
VisualStudioVersion = 17.7.34031.279
MinimumVisualStudioVersion = 10.0.40219.1
Project("{FAE04EC0-301F-11D3-BF4B-00C04F79EFBC}") = "Rochas.Extensions", "Rochas.Extensions\Rochas.Extensions.csproj", "{54D8E6DC-139E-477A-BABB-D4EB8092C473}"
EndProject
Global
	GlobalSection(SolutionConfigurationPlatforms) = preSolution
		Debug|Any CPU = Debug|Any CPU
		Release|Any CPU = Release|Any CPU
	EndGlobalSection
	GlobalSection(ProjectConfigurationPlatforms) = postSolution
		{54D8E6DC-139E-477A-BABB-D4EB8092C473}.Debug|Any CPU.ActiveCfg = Debug|Any CPU
		{54D8E6DC-139E-477A-BABB-D4EB8092C473}.Debug|Any CPU.Build.0 = Debug|Any CPU
		{54D8E6DC-139E-477A-BABB-D4EB8092C473}.Release|Any CPU.ActiveCfg = Release|Any CPU
		{54D8E6DC-139E-477A-BABB-D4EB8092C473}.Release|Any CPU.Build.0 = Release|Any CPU
	EndGlobalSection
	GlobalSection(SolutionProperties) = preSolution
		HideSolutionNode = FALSE
	EndGlobalSection
	GlobalSection(ExtensibilityGlobals) = postSolution
		SolutionGuid = {A114BAB5-7E29-4571-9918-18DE88DDB7D7}
	EndGlobalSection
EndGlobal
